// !$*UTF8*$!
{
	archiveVersion = 1;
	classes = {
	};
	objectVersion = 51;
	objects = {

/* Begin PBXBuildFile section */
		372BAF77240DED2F00E37E42 /* silopreview02.jpg in Resources */ = {isa = PBXBuildFile; fileRef = 372BAF76240DED2F00E37E42 /* silopreview02.jpg */; };
		372BAF7A240DF20500E37E42 /* LoginViewController.swift in Sources */ = {isa = PBXBuildFile; fileRef = 372BAF78240DF20500E37E42 /* LoginViewController.swift */; };
		372BAF7B240DF20500E37E42 /* LoginViewController.xib in Resources */ = {isa = PBXBuildFile; fileRef = 372BAF79240DF20500E37E42 /* LoginViewController.xib */; };
		372BAF7D240DFC1100E37E42 /* UIButton+Style.swift in Sources */ = {isa = PBXBuildFile; fileRef = 372BAF7C240DFC1100E37E42 /* UIButton+Style.swift */; };
		37770E5F240E059C0069F41D /* UserForm.swift in Sources */ = {isa = PBXBuildFile; fileRef = 37770E5E240E059C0069F41D /* UserForm.swift */; };
		37770E61240E0BA20069F41D /* Store.swift in Sources */ = {isa = PBXBuildFile; fileRef = 37770E60240E0BA20069F41D /* Store.swift */; };
		37770E64240E15E80069F41D /* Space.swift in Sources */ = {isa = PBXBuildFile; fileRef = 37770E63240E15E80069F41D /* Space.swift */; };
		37770E67240F40CF0069F41D /* UIViewController+Alert.swift in Sources */ = {isa = PBXBuildFile; fileRef = 37770E66240F40CF0069F41D /* UIViewController+Alert.swift */; };
		37770E69240F48000069F41D /* SpaceMapAnnotation.swift in Sources */ = {isa = PBXBuildFile; fileRef = 37770E68240F48000069F41D /* SpaceMapAnnotation.swift */; };
		37770E6D240F4DEA0069F41D /* SpaceDetailsViewController.swift in Sources */ = {isa = PBXBuildFile; fileRef = 37770E6B240F4DEA0069F41D /* SpaceDetailsViewController.swift */; };
		37770E6E240F4DEA0069F41D /* SpaceDetailsViewController.xib in Resources */ = {isa = PBXBuildFile; fileRef = 37770E6C240F4DEA0069F41D /* SpaceDetailsViewController.xib */; };
		37770E71240F56DC0069F41D /* ShowsLoading.swift in Sources */ = {isa = PBXBuildFile; fileRef = 37770E70240F56DC0069F41D /* ShowsLoading.swift */; };
		37770E75240F57840069F41D /* ListOfSpacesViewController.swift in Sources */ = {isa = PBXBuildFile; fileRef = 37770E73240F57840069F41D /* ListOfSpacesViewController.swift */; };
		37770E76240F57840069F41D /* ListOfSpacesViewController.xib in Resources */ = {isa = PBXBuildFile; fileRef = 37770E74240F57840069F41D /* ListOfSpacesViewController.xib */; };
		37770E7A24105EF00069F41D /* SpaceCollectionViewCell.swift in Sources */ = {isa = PBXBuildFile; fileRef = 37770E7824105EEF0069F41D /* SpaceCollectionViewCell.swift */; };
		37770E7B24105EF00069F41D /* SpaceCollectionViewCell.xib in Resources */ = {isa = PBXBuildFile; fileRef = 37770E7924105EEF0069F41D /* SpaceCollectionViewCell.xib */; };
		37770E7D241063520069F41D /* ReusableCellProtocol.swift in Sources */ = {isa = PBXBuildFile; fileRef = 37770E7C241063520069F41D /* ReusableCellProtocol.swift */; };
		37770E7F2410635E0069F41D /* UICollectionView+ReuseCells.swift in Sources */ = {isa = PBXBuildFile; fileRef = 37770E7E2410635E0069F41D /* UICollectionView+ReuseCells.swift */; };
		37770E812410B3110069F41D /* Decimal+Formating.swift in Sources */ = {isa = PBXBuildFile; fileRef = 37770E802410B3110069F41D /* Decimal+Formating.swift */; };
		37770E832411F3160069F41D /* UIImageView+LoadRemoteImage.swift in Sources */ = {isa = PBXBuildFile; fileRef = 37770E822411F3160069F41D /* UIImageView+LoadRemoteImage.swift */; };
		378CDE66240C31B6007FDA6F /* AppDelegate.swift in Sources */ = {isa = PBXBuildFile; fileRef = 378CDE65240C31B6007FDA6F /* AppDelegate.swift */; };
		378CDE6F240C31C9007FDA6F /* Assets.xcassets in Resources */ = {isa = PBXBuildFile; fileRef = 378CDE6E240C31C9007FDA6F /* Assets.xcassets */; };
		378CDE72240C31C9007FDA6F /* LaunchScreen.storyboard in Resources */ = {isa = PBXBuildFile; fileRef = 378CDE70240C31C9007FDA6F /* LaunchScreen.storyboard */; };
		378CDE7A240C3B03007FDA6F /* GoogleService-Info.plist in Resources */ = {isa = PBXBuildFile; fileRef = 378CDE79240C3B03007FDA6F /* GoogleService-Info.plist */; };
		378CDE7C240C6218007FDA6F /* AppRootCoordinator.swift in Sources */ = {isa = PBXBuildFile; fileRef = 378CDE7B240C6218007FDA6F /* AppRootCoordinator.swift */; };
		378CDE7F240C643E007FDA6F /* AuthenticationViewController.swift in Sources */ = {isa = PBXBuildFile; fileRef = 378CDE7D240C643E007FDA6F /* AuthenticationViewController.swift */; };
		378CDE80240C643E007FDA6F /* AuthenticationViewController.xib in Resources */ = {isa = PBXBuildFile; fileRef = 378CDE7E240C643E007FDA6F /* AuthenticationViewController.xib */; };
		378CDE84240C696F007FDA6F /* SignUpViewController.swift in Sources */ = {isa = PBXBuildFile; fileRef = 378CDE82240C696F007FDA6F /* SignUpViewController.swift */; };
		378CDE85240C696F007FDA6F /* SignUpViewController.xib in Resources */ = {isa = PBXBuildFile; fileRef = 378CDE83240C696F007FDA6F /* SignUpViewController.xib */; };
		378CDE89240C73D1007FDA6F /* AuthenticationManager.swift in Sources */ = {isa = PBXBuildFile; fileRef = 378CDE88240C73D1007FDA6F /* AuthenticationManager.swift */; };
		378CDE8D240C7640007FDA6F /* MapViewController.swift in Sources */ = {isa = PBXBuildFile; fileRef = 378CDE8B240C7640007FDA6F /* MapViewController.swift */; };
		378CDE8E240C7640007FDA6F /* MapViewController.xib in Resources */ = {isa = PBXBuildFile; fileRef = 378CDE8C240C7640007FDA6F /* MapViewController.xib */; };
		7DDEB94C8F9E793C8137471B /* Pods_SilofitExam.framework in Frameworks */ = {isa = PBXBuildFile; fileRef = 130DB785BDBD73B9EDEDCC14 /* Pods_SilofitExam.framework */; };
/* End PBXBuildFile section */

/* Begin PBXFileReference section */
		130DB785BDBD73B9EDEDCC14 /* Pods_SilofitExam.framework */ = {isa = PBXFileReference; explicitFileType = wrapper.framework; includeInIndex = 0; path = Pods_SilofitExam.framework; sourceTree = BUILT_PRODUCTS_DIR; };
		372BAF76240DED2F00E37E42 /* silopreview02.jpg */ = {isa = PBXFileReference; lastKnownFileType = image.jpeg; path = silopreview02.jpg; sourceTree = "<group>"; };
		372BAF78240DF20500E37E42 /* LoginViewController.swift */ = {isa = PBXFileReference; lastKnownFileType = sourcecode.swift; path = LoginViewController.swift; sourceTree = "<group>"; };
		372BAF79240DF20500E37E42 /* LoginViewController.xib */ = {isa = PBXFileReference; lastKnownFileType = file.xib; path = LoginViewController.xib; sourceTree = "<group>"; };
		372BAF7C240DFC1100E37E42 /* UIButton+Style.swift */ = {isa = PBXFileReference; lastKnownFileType = sourcecode.swift; path = "UIButton+Style.swift"; sourceTree = "<group>"; };
		37770E5E240E059C0069F41D /* UserForm.swift */ = {isa = PBXFileReference; lastKnownFileType = sourcecode.swift; path = UserForm.swift; sourceTree = "<group>"; };
		37770E60240E0BA20069F41D /* Store.swift */ = {isa = PBXFileReference; lastKnownFileType = sourcecode.swift; path = Store.swift; sourceTree = "<group>"; };
		37770E63240E15E80069F41D /* Space.swift */ = {isa = PBXFileReference; lastKnownFileType = sourcecode.swift; path = Space.swift; sourceTree = "<group>"; };
		37770E66240F40CF0069F41D /* UIViewController+Alert.swift */ = {isa = PBXFileReference; lastKnownFileType = sourcecode.swift; path = "UIViewController+Alert.swift"; sourceTree = "<group>"; };
		37770E68240F48000069F41D /* SpaceMapAnnotation.swift */ = {isa = PBXFileReference; lastKnownFileType = sourcecode.swift; path = SpaceMapAnnotation.swift; sourceTree = "<group>"; };
		37770E6B240F4DEA0069F41D /* SpaceDetailsViewController.swift */ = {isa = PBXFileReference; lastKnownFileType = sourcecode.swift; path = SpaceDetailsViewController.swift; sourceTree = "<group>"; };
		37770E6C240F4DEA0069F41D /* SpaceDetailsViewController.xib */ = {isa = PBXFileReference; lastKnownFileType = file.xib; path = SpaceDetailsViewController.xib; sourceTree = "<group>"; };
		37770E70240F56DC0069F41D /* ShowsLoading.swift */ = {isa = PBXFileReference; lastKnownFileType = sourcecode.swift; path = ShowsLoading.swift; sourceTree = "<group>"; };
		37770E73240F57840069F41D /* ListOfSpacesViewController.swift */ = {isa = PBXFileReference; lastKnownFileType = sourcecode.swift; path = ListOfSpacesViewController.swift; sourceTree = "<group>"; };
		37770E74240F57840069F41D /* ListOfSpacesViewController.xib */ = {isa = PBXFileReference; lastKnownFileType = file.xib; path = ListOfSpacesViewController.xib; sourceTree = "<group>"; };
		37770E7824105EEF0069F41D /* SpaceCollectionViewCell.swift */ = {isa = PBXFileReference; lastKnownFileType = sourcecode.swift; path = SpaceCollectionViewCell.swift; sourceTree = "<group>"; };
		37770E7924105EEF0069F41D /* SpaceCollectionViewCell.xib */ = {isa = PBXFileReference; lastKnownFileType = file.xib; path = SpaceCollectionViewCell.xib; sourceTree = "<group>"; };
		37770E7C241063520069F41D /* ReusableCellProtocol.swift */ = {isa = PBXFileReference; fileEncoding = 4; lastKnownFileType = sourcecode.swift; path = ReusableCellProtocol.swift; sourceTree = "<group>"; };
		37770E7E2410635E0069F41D /* UICollectionView+ReuseCells.swift */ = {isa = PBXFileReference; fileEncoding = 4; lastKnownFileType = sourcecode.swift; path = "UICollectionView+ReuseCells.swift"; sourceTree = "<group>"; };
		37770E802410B3110069F41D /* Decimal+Formating.swift */ = {isa = PBXFileReference; lastKnownFileType = sourcecode.swift; path = "Decimal+Formating.swift"; sourceTree = "<group>"; };
		37770E822411F3160069F41D /* UIImageView+LoadRemoteImage.swift */ = {isa = PBXFileReference; lastKnownFileType = sourcecode.swift; path = "UIImageView+LoadRemoteImage.swift"; sourceTree = "<group>"; };
		378CDE62240C31B6007FDA6F /* SilofitExam.app */ = {isa = PBXFileReference; explicitFileType = wrapper.application; includeInIndex = 0; path = SilofitExam.app; sourceTree = BUILT_PRODUCTS_DIR; };
		378CDE65240C31B6007FDA6F /* AppDelegate.swift */ = {isa = PBXFileReference; lastKnownFileType = sourcecode.swift; path = AppDelegate.swift; sourceTree = "<group>"; };
		378CDE6E240C31C9007FDA6F /* Assets.xcassets */ = {isa = PBXFileReference; lastKnownFileType = folder.assetcatalog; path = Assets.xcassets; sourceTree = "<group>"; };
		378CDE71240C31C9007FDA6F /* Base */ = {isa = PBXFileReference; lastKnownFileType = file.storyboard; name = Base; path = Base.lproj/LaunchScreen.storyboard; sourceTree = "<group>"; };
		378CDE73240C31C9007FDA6F /* Info.plist */ = {isa = PBXFileReference; lastKnownFileType = text.plist.xml; path = Info.plist; sourceTree = "<group>"; };
		378CDE79240C3B03007FDA6F /* GoogleService-Info.plist */ = {isa = PBXFileReference; fileEncoding = 4; lastKnownFileType = text.plist.xml; path = "GoogleService-Info.plist"; sourceTree = "<group>"; };
		378CDE7B240C6218007FDA6F /* AppRootCoordinator.swift */ = {isa = PBXFileReference; lastKnownFileType = sourcecode.swift; path = AppRootCoordinator.swift; sourceTree = "<group>"; };
		378CDE7D240C643E007FDA6F /* AuthenticationViewController.swift */ = {isa = PBXFileReference; lastKnownFileType = sourcecode.swift; path = AuthenticationViewController.swift; sourceTree = "<group>"; };
		378CDE7E240C643E007FDA6F /* AuthenticationViewController.xib */ = {isa = PBXFileReference; lastKnownFileType = file.xib; path = AuthenticationViewController.xib; sourceTree = "<group>"; };
		378CDE82240C696F007FDA6F /* SignUpViewController.swift */ = {isa = PBXFileReference; lastKnownFileType = sourcecode.swift; path = SignUpViewController.swift; sourceTree = "<group>"; };
		378CDE83240C696F007FDA6F /* SignUpViewController.xib */ = {isa = PBXFileReference; lastKnownFileType = file.xib; path = SignUpViewController.xib; sourceTree = "<group>"; };
		378CDE88240C73D1007FDA6F /* AuthenticationManager.swift */ = {isa = PBXFileReference; lastKnownFileType = sourcecode.swift; path = AuthenticationManager.swift; sourceTree = "<group>"; };
		378CDE8B240C7640007FDA6F /* MapViewController.swift */ = {isa = PBXFileReference; lastKnownFileType = sourcecode.swift; path = MapViewController.swift; sourceTree = "<group>"; };
		378CDE8C240C7640007FDA6F /* MapViewController.xib */ = {isa = PBXFileReference; lastKnownFileType = file.xib; path = MapViewController.xib; sourceTree = "<group>"; };
		3D61C70E643161C7A52CE5C3 /* Pods-SilofitExam.debug.xcconfig */ = {isa = PBXFileReference; includeInIndex = 1; lastKnownFileType = text.xcconfig; name = "Pods-SilofitExam.debug.xcconfig"; path = "Target Support Files/Pods-SilofitExam/Pods-SilofitExam.debug.xcconfig"; sourceTree = "<group>"; };
		D3933E1603AECC8BDD4DD9EE /* Pods-SilofitExam.release.xcconfig */ = {isa = PBXFileReference; includeInIndex = 1; lastKnownFileType = text.xcconfig; name = "Pods-SilofitExam.release.xcconfig"; path = "Target Support Files/Pods-SilofitExam/Pods-SilofitExam.release.xcconfig"; sourceTree = "<group>"; };
/* End PBXFileReference section */

/* Begin PBXFrameworksBuildPhase section */
		378CDE5F240C31B6007FDA6F /* Frameworks */ = {
			isa = PBXFrameworksBuildPhase;
			buildActionMask = 2147483647;
			files = (
				7DDEB94C8F9E793C8137471B /* Pods_SilofitExam.framework in Frameworks */,
			);
			runOnlyForDeploymentPostprocessing = 0;
		};
/* End PBXFrameworksBuildPhase section */

/* Begin PBXGroup section */
		2181C09EA7975F55CA2569CA /* Pods */ = {
			isa = PBXGroup;
			children = (
				3D61C70E643161C7A52CE5C3 /* Pods-SilofitExam.debug.xcconfig */,
				D3933E1603AECC8BDD4DD9EE /* Pods-SilofitExam.release.xcconfig */,
			);
			path = Pods;
			sourceTree = "<group>";
		};
		37770E62240E15DA0069F41D /* Models */ = {
			isa = PBXGroup;
			children = (
				37770E63240E15E80069F41D /* Space.swift */,
				37770E68240F48000069F41D /* SpaceMapAnnotation.swift */,
			);
			path = Models;
			sourceTree = "<group>";
		};
		37770E65240F40B40069F41D /* Extensions */ = {
			isa = PBXGroup;
			children = (
				37770E7E2410635E0069F41D /* UICollectionView+ReuseCells.swift */,
				372BAF7C240DFC1100E37E42 /* UIButton+Style.swift */,
				37770E66240F40CF0069F41D /* UIViewController+Alert.swift */,
				37770E802410B3110069F41D /* Decimal+Formating.swift */,
				37770E822411F3160069F41D /* UIImageView+LoadRemoteImage.swift */,
			);
			path = Extensions;
			sourceTree = "<group>";
		};
		37770E6A240F4DC60069F41D /* SpaceDetailViewController */ = {
			isa = PBXGroup;
			children = (
				37770E6B240F4DEA0069F41D /* SpaceDetailsViewController.swift */,
				37770E6C240F4DEA0069F41D /* SpaceDetailsViewController.xib */,
			);
			path = SpaceDetailViewController;
			sourceTree = "<group>";
		};
		37770E6F240F56C20069F41D /* Protocols */ = {
			isa = PBXGroup;
			children = (
				37770E7C241063520069F41D /* ReusableCellProtocol.swift */,
				37770E70240F56DC0069F41D /* ShowsLoading.swift */,
			);
			path = Protocols;
			sourceTree = "<group>";
		};
		37770E72240F57560069F41D /* ListOfSpacesViewController */ = {
			isa = PBXGroup;
			children = (
				37770E7724105ECA0069F41D /* Cells */,
				37770E73240F57840069F41D /* ListOfSpacesViewController.swift */,
				37770E74240F57840069F41D /* ListOfSpacesViewController.xib */,
			);
			path = ListOfSpacesViewController;
			sourceTree = "<group>";
		};
		37770E7724105ECA0069F41D /* Cells */ = {
			isa = PBXGroup;
			children = (
				37770E7824105EEF0069F41D /* SpaceCollectionViewCell.swift */,
				37770E7924105EEF0069F41D /* SpaceCollectionViewCell.xib */,
			);
			path = Cells;
			sourceTree = "<group>";
		};
		378CDE59240C31B6007FDA6F = {
			isa = PBXGroup;
			children = (
				378CDE64240C31B6007FDA6F /* SilofitExam */,
				378CDE63240C31B6007FDA6F /* Products */,
				2181C09EA7975F55CA2569CA /* Pods */,
				74B7A80077107579F391D68C /* Frameworks */,
			);
			sourceTree = "<group>";
		};
		378CDE63240C31B6007FDA6F /* Products */ = {
			isa = PBXGroup;
			children = (
				378CDE62240C31B6007FDA6F /* SilofitExam.app */,
			);
			name = Products;
			sourceTree = "<group>";
		};
		378CDE64240C31B6007FDA6F /* SilofitExam */ = {
			isa = PBXGroup;
			children = (
				378CDE65240C31B6007FDA6F /* AppDelegate.swift */,
				378CDE7B240C6218007FDA6F /* AppRootCoordinator.swift */,
				378CDE81240C6941007FDA6F /* Authentication */,
				37E336E9240DE8D2005349E4 /* MapViewController */,
				37770E6A240F4DC60069F41D /* SpaceDetailViewController */,
				37770E72240F57560069F41D /* ListOfSpacesViewController */,
				37770E65240F40B40069F41D /* Extensions */,
				37770E62240E15DA0069F41D /* Models */,
				378CDE8A240C73DF007FDA6F /* Helpers */,
				37770E6F240F56C20069F41D /* Protocols */,
				378CDE86240C6D96007FDA6F /* Resources */,
				378CDE73240C31C9007FDA6F /* Info.plist */,
				378CDE87240C6DB3007FDA6F /* SupportingFIles */,
			);
			path = SilofitExam;
			sourceTree = "<group>";
		};
		378CDE81240C6941007FDA6F /* Authentication */ = {
			isa = PBXGroup;
			children = (
				378CDE7D240C643E007FDA6F /* AuthenticationViewController.swift */,
				378CDE7E240C643E007FDA6F /* AuthenticationViewController.xib */,
				378CDE82240C696F007FDA6F /* SignUpViewController.swift */,
				378CDE83240C696F007FDA6F /* SignUpViewController.xib */,
				372BAF78240DF20500E37E42 /* LoginViewController.swift */,
				372BAF79240DF20500E37E42 /* LoginViewController.xib */,
				37770E5E240E059C0069F41D /* UserForm.swift */,
			);
			path = Authentication;
			sourceTree = "<group>";
		};
		378CDE86240C6D96007FDA6F /* Resources */ = {
			isa = PBXGroup;
			children = (
				372BAF76240DED2F00E37E42 /* silopreview02.jpg */,
				378CDE6E240C31C9007FDA6F /* Assets.xcassets */,
				378CDE70240C31C9007FDA6F /* LaunchScreen.storyboard */,
			);
			path = Resources;
			sourceTree = "<group>";
		};
		378CDE87240C6DB3007FDA6F /* SupportingFIles */ = {
			isa = PBXGroup;
			children = (
				378CDE79240C3B03007FDA6F /* GoogleService-Info.plist */,
			);
			path = SupportingFIles;
			sourceTree = "<group>";
		};
		378CDE8A240C73DF007FDA6F /* Helpers */ = {
			isa = PBXGroup;
			children = (
				378CDE88240C73D1007FDA6F /* AuthenticationManager.swift */,
				37770E60240E0BA20069F41D /* Store.swift */,
			);
			path = Helpers;
			sourceTree = "<group>";
		};
		37E336E9240DE8D2005349E4 /* MapViewController */ = {
			isa = PBXGroup;
			children = (
				378CDE8B240C7640007FDA6F /* MapViewController.swift */,
				378CDE8C240C7640007FDA6F /* MapViewController.xib */,
			);
			path = MapViewController;
			sourceTree = "<group>";
		};
		74B7A80077107579F391D68C /* Frameworks */ = {
			isa = PBXGroup;
			children = (
				130DB785BDBD73B9EDEDCC14 /* Pods_SilofitExam.framework */,
			);
			name = Frameworks;
			sourceTree = "<group>";
		};
/* End PBXGroup section */

/* Begin PBXNativeTarget section */
		378CDE61240C31B6007FDA6F /* SilofitExam */ = {
			isa = PBXNativeTarget;
			buildConfigurationList = 378CDE76240C31C9007FDA6F /* Build configuration list for PBXNativeTarget "SilofitExam" */;
			buildPhases = (
				639782BE565A26C640824E3F /* [CP] Check Pods Manifest.lock */,
				378CDE5E240C31B6007FDA6F /* Sources */,
				378CDE5F240C31B6007FDA6F /* Frameworks */,
				378CDE60240C31B6007FDA6F /* Resources */,
				8B3DFBC77556F6C2C34E54F6 /* [CP] Embed Pods Frameworks */,
			);
			buildRules = (
			);
			dependencies = (
			);
			name = SilofitExam;
			productName = SilofitExam;
			productReference = 378CDE62240C31B6007FDA6F /* SilofitExam.app */;
			productType = "com.apple.product-type.application";
		};
/* End PBXNativeTarget section */

/* Begin PBXProject section */
		378CDE5A240C31B6007FDA6F /* Project object */ = {
			isa = PBXProject;
			attributes = {
				LastSwiftUpdateCheck = 1130;
				LastUpgradeCheck = 1130;
				ORGANIZATIONNAME = "Dan Nan";
				TargetAttributes = {
					378CDE61240C31B6007FDA6F = {
						CreatedOnToolsVersion = 11.3;
					};
				};
			};
			buildConfigurationList = 378CDE5D240C31B6007FDA6F /* Build configuration list for PBXProject "SilofitExam" */;
			compatibilityVersion = "Xcode 9.3";
			developmentRegion = en;
			hasScannedForEncodings = 0;
			knownRegions = (
				en,
				Base,
			);
			mainGroup = 378CDE59240C31B6007FDA6F;
			productRefGroup = 378CDE63240C31B6007FDA6F /* Products */;
			projectDirPath = "";
			projectRoot = "";
			targets = (
				378CDE61240C31B6007FDA6F /* SilofitExam */,
			);
		};
/* End PBXProject section */

/* Begin PBXResourcesBuildPhase section */
		378CDE60240C31B6007FDA6F /* Resources */ = {
			isa = PBXResourcesBuildPhase;
			buildActionMask = 2147483647;
			files = (
				37770E76240F57840069F41D /* ListOfSpacesViewController.xib in Resources */,
				37770E7B24105EF00069F41D /* SpaceCollectionViewCell.xib in Resources */,
				372BAF7B240DF20500E37E42 /* LoginViewController.xib in Resources */,
				378CDE85240C696F007FDA6F /* SignUpViewController.xib in Resources */,
				378CDE8E240C7640007FDA6F /* MapViewController.xib in Resources */,
				378CDE80240C643E007FDA6F /* AuthenticationViewController.xib in Resources */,
				37770E6E240F4DEA0069F41D /* SpaceDetailsViewController.xib in Resources */,
				378CDE72240C31C9007FDA6F /* LaunchScreen.storyboard in Resources */,
				378CDE7A240C3B03007FDA6F /* GoogleService-Info.plist in Resources */,
				378CDE6F240C31C9007FDA6F /* Assets.xcassets in Resources */,
				372BAF77240DED2F00E37E42 /* silopreview02.jpg in Resources */,
			);
			runOnlyForDeploymentPostprocessing = 0;
		};
/* End PBXResourcesBuildPhase section */

/* Begin PBXShellScriptBuildPhase section */
		639782BE565A26C640824E3F /* [CP] Check Pods Manifest.lock */ = {
			isa = PBXShellScriptBuildPhase;
			buildActionMask = 2147483647;
			files = (
			);
			inputFileListPaths = (
			);
			inputPaths = (
				"${PODS_PODFILE_DIR_PATH}/Podfile.lock",
				"${PODS_ROOT}/Manifest.lock",
			);
			name = "[CP] Check Pods Manifest.lock";
			outputFileListPaths = (
			);
			outputPaths = (
				"$(DERIVED_FILE_DIR)/Pods-SilofitExam-checkManifestLockResult.txt",
			);
			runOnlyForDeploymentPostprocessing = 0;
			shellPath = /bin/sh;
			shellScript = "diff \"${PODS_PODFILE_DIR_PATH}/Podfile.lock\" \"${PODS_ROOT}/Manifest.lock\" > /dev/null\nif [ $? != 0 ] ; then\n    # print error to STDERR\n    echo \"error: The sandbox is not in sync with the Podfile.lock. Run 'pod install' or update your CocoaPods installation.\" >&2\n    exit 1\nfi\n# This output is used by Xcode 'outputs' to avoid re-running this script phase.\necho \"SUCCESS\" > \"${SCRIPT_OUTPUT_FILE_0}\"\n";
			showEnvVarsInLog = 0;
		};
		8B3DFBC77556F6C2C34E54F6 /* [CP] Embed Pods Frameworks */ = {
			isa = PBXShellScriptBuildPhase;
			buildActionMask = 2147483647;
			files = (
			);
			inputFileListPaths = (
				"${PODS_ROOT}/Target Support Files/Pods-SilofitExam/Pods-SilofitExam-frameworks-${CONFIGURATION}-input-files.xcfilelist",
			);
			name = "[CP] Embed Pods Frameworks";
			outputFileListPaths = (
				"${PODS_ROOT}/Target Support Files/Pods-SilofitExam/Pods-SilofitExam-frameworks-${CONFIGURATION}-output-files.xcfilelist",
			);
			runOnlyForDeploymentPostprocessing = 0;
			shellPath = /bin/sh;
			shellScript = "\"${PODS_ROOT}/Target Support Files/Pods-SilofitExam/Pods-SilofitExam-frameworks.sh\"\n";
			showEnvVarsInLog = 0;
		};
/* End PBXShellScriptBuildPhase section */

/* Begin PBXSourcesBuildPhase section */
		378CDE5E240C31B6007FDA6F /* Sources */ = {
			isa = PBXSourcesBuildPhase;
			buildActionMask = 2147483647;
			files = (
				372BAF7A240DF20500E37E42 /* LoginViewController.swift in Sources */,
				37770E64240E15E80069F41D /* Space.swift in Sources */,
				37770E7F2410635E0069F41D /* UICollectionView+ReuseCells.swift in Sources */,
				37770E6D240F4DEA0069F41D /* SpaceDetailsViewController.swift in Sources */,
				378CDE7F240C643E007FDA6F /* AuthenticationViewController.swift in Sources */,
				37770E75240F57840069F41D /* ListOfSpacesViewController.swift in Sources */,
				378CDE66240C31B6007FDA6F /* AppDelegate.swift in Sources */,
				37770E7D241063520069F41D /* ReusableCellProtocol.swift in Sources */,
				37770E5F240E059C0069F41D /* UserForm.swift in Sources */,
				378CDE89240C73D1007FDA6F /* AuthenticationManager.swift in Sources */,
				37770E61240E0BA20069F41D /* Store.swift in Sources */,
				37770E71240F56DC0069F41D /* ShowsLoading.swift in Sources */,
				378CDE7C240C6218007FDA6F /* AppRootCoordinator.swift in Sources */,
				37770E69240F48000069F41D /* SpaceMapAnnotation.swift in Sources */,
				372BAF7D240DFC1100E37E42 /* UIButton+Style.swift in Sources */,
				37770E7A24105EF00069F41D /* SpaceCollectionViewCell.swift in Sources */,
				378CDE84240C696F007FDA6F /* SignUpViewController.swift in Sources */,
				378CDE8D240C7640007FDA6F /* MapViewController.swift in Sources */,
				37770E67240F40CF0069F41D /* UIViewController+Alert.swift in Sources */,
				37770E812410B3110069F41D /* Decimal+Formating.swift in Sources */,
				37770E832411F3160069F41D /* UIImageView+LoadRemoteImage.swift in Sources */,
			);
			runOnlyForDeploymentPostprocessing = 0;
		};
/* End PBXSourcesBuildPhase section */

/* Begin PBXVariantGroup section */
		378CDE70240C31C9007FDA6F /* LaunchScreen.storyboard */ = {
			isa = PBXVariantGroup;
			children = (
				378CDE71240C31C9007FDA6F /* Base */,
			);
			name = LaunchScreen.storyboard;
			sourceTree = "<group>";
		};
/* End PBXVariantGroup section */

/* Begin XCBuildConfiguration section */
		378CDE74240C31C9007FDA6F /* Debug */ = {
			isa = XCBuildConfiguration;
			buildSettings = {
				ALWAYS_SEARCH_USER_PATHS = NO;
				CLANG_ANALYZER_NONNULL = YES;
				CLANG_ANALYZER_NUMBER_OBJECT_CONVERSION = YES_AGGRESSIVE;
				CLANG_CXX_LANGUAGE_STANDARD = "gnu++14";
				CLANG_CXX_LIBRARY = "libc++";
				CLANG_ENABLE_MODULES = YES;
				CLANG_ENABLE_OBJC_ARC = YES;
				CLANG_ENABLE_OBJC_WEAK = YES;
				CLANG_WARN_BLOCK_CAPTURE_AUTORELEASING = YES;
				CLANG_WARN_BOOL_CONVERSION = YES;
				CLANG_WARN_COMMA = YES;
				CLANG_WARN_CONSTANT_CONVERSION = YES;
				CLANG_WARN_DEPRECATED_OBJC_IMPLEMENTATIONS = YES;
				CLANG_WARN_DIRECT_OBJC_ISA_USAGE = YES_ERROR;
				CLANG_WARN_DOCUMENTATION_COMMENTS = YES;
				CLANG_WARN_EMPTY_BODY = YES;
				CLANG_WARN_ENUM_CONVERSION = YES;
				CLANG_WARN_INFINITE_RECURSION = YES;
				CLANG_WARN_INT_CONVERSION = YES;
				CLANG_WARN_NON_LITERAL_NULL_CONVERSION = YES;
				CLANG_WARN_OBJC_IMPLICIT_RETAIN_SELF = YES;
				CLANG_WARN_OBJC_LITERAL_CONVERSION = YES;
				CLANG_WARN_OBJC_ROOT_CLASS = YES_ERROR;
				CLANG_WARN_RANGE_LOOP_ANALYSIS = YES;
				CLANG_WARN_STRICT_PROTOTYPES = YES;
				CLANG_WARN_SUSPICIOUS_MOVE = YES;
				CLANG_WARN_UNGUARDED_AVAILABILITY = YES_AGGRESSIVE;
				CLANG_WARN_UNREACHABLE_CODE = YES;
				CLANG_WARN__DUPLICATE_METHOD_MATCH = YES;
				COPY_PHASE_STRIP = NO;
				DEBUG_INFORMATION_FORMAT = dwarf;
				ENABLE_STRICT_OBJC_MSGSEND = YES;
				ENABLE_TESTABILITY = YES;
				GCC_C_LANGUAGE_STANDARD = gnu11;
				GCC_DYNAMIC_NO_PIC = NO;
				GCC_NO_COMMON_BLOCKS = YES;
				GCC_OPTIMIZATION_LEVEL = 0;
				GCC_PREPROCESSOR_DEFINITIONS = (
					"DEBUG=1",
					"$(inherited)",
				);
				GCC_WARN_64_TO_32_BIT_CONVERSION = YES;
				GCC_WARN_ABOUT_RETURN_TYPE = YES_ERROR;
				GCC_WARN_UNDECLARED_SELECTOR = YES;
				GCC_WARN_UNINITIALIZED_AUTOS = YES_AGGRESSIVE;
				GCC_WARN_UNUSED_FUNCTION = YES;
				GCC_WARN_UNUSED_VARIABLE = YES;
				IPHONEOS_DEPLOYMENT_TARGET = 13.2;
				MTL_ENABLE_DEBUG_INFO = INCLUDE_SOURCE;
				MTL_FAST_MATH = YES;
				ONLY_ACTIVE_ARCH = YES;
				SDKROOT = iphoneos;
				SWIFT_ACTIVE_COMPILATION_CONDITIONS = DEBUG;
				SWIFT_OPTIMIZATION_LEVEL = "-Onone";
			};
			name = Debug;
		};
		378CDE75240C31C9007FDA6F /* Release */ = {
			isa = XCBuildConfiguration;
			buildSettings = {
				ALWAYS_SEARCH_USER_PATHS = NO;
				CLANG_ANALYZER_NONNULL = YES;
				CLANG_ANALYZER_NUMBER_OBJECT_CONVERSION = YES_AGGRESSIVE;
				CLANG_CXX_LANGUAGE_STANDARD = "gnu++14";
				CLANG_CXX_LIBRARY = "libc++";
				CLANG_ENABLE_MODULES = YES;
				CLANG_ENABLE_OBJC_ARC = YES;
				CLANG_ENABLE_OBJC_WEAK = YES;
				CLANG_WARN_BLOCK_CAPTURE_AUTORELEASING = YES;
				CLANG_WARN_BOOL_CONVERSION = YES;
				CLANG_WARN_COMMA = YES;
				CLANG_WARN_CONSTANT_CONVERSION = YES;
				CLANG_WARN_DEPRECATED_OBJC_IMPLEMENTATIONS = YES;
				CLANG_WARN_DIRECT_OBJC_ISA_USAGE = YES_ERROR;
				CLANG_WARN_DOCUMENTATION_COMMENTS = YES;
				CLANG_WARN_EMPTY_BODY = YES;
				CLANG_WARN_ENUM_CONVERSION = YES;
				CLANG_WARN_INFINITE_RECURSION = YES;
				CLANG_WARN_INT_CONVERSION = YES;
				CLANG_WARN_NON_LITERAL_NULL_CONVERSION = YES;
				CLANG_WARN_OBJC_IMPLICIT_RETAIN_SELF = YES;
				CLANG_WARN_OBJC_LITERAL_CONVERSION = YES;
				CLANG_WARN_OBJC_ROOT_CLASS = YES_ERROR;
				CLANG_WARN_RANGE_LOOP_ANALYSIS = YES;
				CLANG_WARN_STRICT_PROTOTYPES = YES;
				CLANG_WARN_SUSPICIOUS_MOVE = YES;
				CLANG_WARN_UNGUARDED_AVAILABILITY = YES_AGGRESSIVE;
				CLANG_WARN_UNREACHABLE_CODE = YES;
				CLANG_WARN__DUPLICATE_METHOD_MATCH = YES;
				COPY_PHASE_STRIP = NO;
				DEBUG_INFORMATION_FORMAT = "dwarf-with-dsym";
				ENABLE_NS_ASSERTIONS = NO;
				ENABLE_STRICT_OBJC_MSGSEND = YES;
				GCC_C_LANGUAGE_STANDARD = gnu11;
				GCC_NO_COMMON_BLOCKS = YES;
				GCC_WARN_64_TO_32_BIT_CONVERSION = YES;
				GCC_WARN_ABOUT_RETURN_TYPE = YES_ERROR;
				GCC_WARN_UNDECLARED_SELECTOR = YES;
				GCC_WARN_UNINITIALIZED_AUTOS = YES_AGGRESSIVE;
				GCC_WARN_UNUSED_FUNCTION = YES;
				GCC_WARN_UNUSED_VARIABLE = YES;
				IPHONEOS_DEPLOYMENT_TARGET = 13.2;
				MTL_ENABLE_DEBUG_INFO = NO;
				MTL_FAST_MATH = YES;
				SDKROOT = iphoneos;
				SWIFT_COMPILATION_MODE = wholemodule;
				SWIFT_OPTIMIZATION_LEVEL = "-O";
				VALIDATE_PRODUCT = YES;
			};
			name = Release;
		};
		378CDE77240C31C9007FDA6F /* Debug */ = {
			isa = XCBuildConfiguration;
			baseConfigurationReference = 3D61C70E643161C7A52CE5C3 /* Pods-SilofitExam.debug.xcconfig */;
			buildSettings = {
				ASSETCATALOG_COMPILER_APPICON_NAME = AppIcon;
				CODE_SIGN_STYLE = Automatic;
				DEVELOPMENT_TEAM = Z4ZUXNMH7T;
				INFOPLIST_FILE = SilofitExam/Info.plist;
				IPHONEOS_DEPLOYMENT_TARGET = 10.0;
				LD_RUNPATH_SEARCH_PATHS = (
					"$(inherited)",
					"@executable_path/Frameworks",
				);
				PRODUCT_BUNDLE_IDENTIFIER = com.nan.dan.SilofitExam;
				PRODUCT_NAME = "$(TARGET_NAME)";
				SWIFT_VERSION = 5.0;
				TARGETED_DEVICE_FAMILY = "1,2";
			};
			name = Debug;
		};
		378CDE78240C31C9007FDA6F /* Release */ = {
			isa = XCBuildConfiguration;
			baseConfigurationReference = D3933E1603AECC8BDD4DD9EE /* Pods-SilofitExam.release.xcconfig */;
			buildSettings = {
				ASSETCATALOG_COMPILER_APPICON_NAME = AppIcon;
				CODE_SIGN_STYLE = Automatic;
				DEVELOPMENT_TEAM = Z4ZUXNMH7T;
				INFOPLIST_FILE = SilofitExam/Info.plist;
				IPHONEOS_DEPLOYMENT_TARGET = 10.0;
				LD_RUNPATH_SEARCH_PATHS = (
					"$(inherited)",
					"@executable_path/Frameworks",
				);
				PRODUCT_BUNDLE_IDENTIFIER = com.nan.dan.SilofitExam;
				PRODUCT_NAME = "$(TARGET_NAME)";
				SWIFT_VERSION = 5.0;
				TARGETED_DEVICE_FAMILY = "1,2";
			};
			name = Release;
		};
/* End XCBuildConfiguration section */

/* Begin XCConfigurationList section */
		378CDE5D240C31B6007FDA6F /* Build configuration list for PBXProject "SilofitExam" */ = {
			isa = XCConfigurationList;
			buildConfigurations = (
				378CDE74240C31C9007FDA6F /* Debug */,
				378CDE75240C31C9007FDA6F /* Release */,
			);
			defaultConfigurationIsVisible = 0;
			defaultConfigurationName = Release;
		};
		378CDE76240C31C9007FDA6F /* Build configuration list for PBXNativeTarget "SilofitExam" */ = {
			isa = XCConfigurationList;
			buildConfigurations = (
				378CDE77240C31C9007FDA6F /* Debug */,
				378CDE78240C31C9007FDA6F /* Release */,
			);
			defaultConfigurationIsVisible = 0;
			defaultConfigurationName = Release;
		};
/* End XCConfigurationList section */
	};
	rootObject = 378CDE5A240C31B6007FDA6F /* Project object */;
}
